
Microsoft Visual Studio Solution File, Format Version 12.00
# Visual Studio Version 16
VisualStudioVersion = 16.0.31321.278
MinimumVisualStudioVersion = 10.0.40219.1
Project("{FAE04EC0-301F-11D3-BF4B-00C04F79EFBC}") = "HodoCloudAPI", "HodoCloudAPI\HodoCloudAPI.csproj", "{3342F4DF-0FB8-4306-A1C8-FF6DBB1C3FAC}"
EndProject
Project("{FAE04EC0-301F-11D3-BF4B-00C04F79EFBC}") = "Application", "Application\Application.csproj", "{AF8FC915-2A98-49FA-868E-F542967DCD03}"
EndProject
Project("{FAE04EC0-301F-11D3-BF4B-00C04F79EFBC}") = "Domain", "Domain\Domain.csproj", "{D1FFAAE3-58F0-470F-B18E-238402C20DBA}"
EndProject
Project("{FAE04EC0-301F-11D3-BF4B-00C04F79EFBC}") = "Infrastructure", "Infrastructure\Infrastructure.csproj", "{4E596245-929D-4190-898E-2FDEF07E0E6E}"
EndProject
Global
	GlobalSection(SolutionConfigurationPlatforms) = preSolution
		Debug|Any CPU = Debug|Any CPU
		Release|Any CPU = Release|Any CPU
	EndGlobalSection
	GlobalSection(ProjectConfigurationPlatforms) = postSolution
		{3342F4DF-0FB8-4306-A1C8-FF6DBB1C3FAC}.Debug|Any CPU.ActiveCfg = Debug|Any CPU
		{3342F4DF-0FB8-4306-A1C8-FF6DBB1C3FAC}.Debug|Any CPU.Build.0 = Debug|Any CPU
		{3342F4DF-0FB8-4306-A1C8-FF6DBB1C3FAC}.Release|Any CPU.ActiveCfg = Release|Any CPU
		{3342F4DF-0FB8-4306-A1C8-FF6DBB1C3FAC}.Release|Any CPU.Build.0 = Release|Any CPU
		{AF8FC915-2A98-49FA-868E-F542967DCD03}.Debug|Any CPU.ActiveCfg = Debug|Any CPU
		{AF8FC915-2A98-49FA-868E-F542967DCD03}.Debug|Any CPU.Build.0 = Debug|Any CPU
		{AF8FC915-2A98-49FA-868E-F542967DCD03}.Release|Any CPU.ActiveCfg = Release|Any CPU
		{AF8FC915-2A98-49FA-868E-F542967DCD03}.Release|Any CPU.Build.0 = Release|Any CPU
		{D1FFAAE3-58F0-470F-B18E-238402C20DBA}.Debug|Any CPU.ActiveCfg = Debug|Any CPU
		{D1FFAAE3-58F0-470F-B18E-238402C20DBA}.Debug|Any CPU.Build.0 = Debug|Any CPU
		{D1FFAAE3-58F0-470F-B18E-238402C20DBA}.Release|Any CPU.ActiveCfg = Release|Any CPU
		{D1FFAAE3-58F0-470F-B18E-238402C20DBA}.Release|Any CPU.Build.0 = Release|Any CPU
		{4E596245-929D-4190-898E-2FDEF07E0E6E}.Debug|Any CPU.ActiveCfg = Debug|Any CPU
		{4E596245-929D-4190-898E-2FDEF07E0E6E}.Debug|Any CPU.Build.0 = Debug|Any CPU
		{4E596245-929D-4190-898E-2FDEF07E0E6E}.Release|Any CPU.ActiveCfg = Release|Any CPU
		{4E596245-929D-4190-898E-2FDEF07E0E6E}.Release|Any CPU.Build.0 = Release|Any CPU
	EndGlobalSection
	GlobalSection(SolutionProperties) = preSolution
		HideSolutionNode = FALSE
	EndGlobalSection
	GlobalSection(ExtensibilityGlobals) = postSolution
		SolutionGuid = {724A6E08-54C6-480D-A219-BF862F9561C9}
	EndGlobalSection
EndGlobal
